
Microsoft Visual Studio Solution File, Format Version 12.00
# Visual Studio Version 17
VisualStudioVersion = 17.10.35004.147
MinimumVisualStudioVersion = 10.0.40219.1
Project("{FAE04EC0-301F-11D3-BF4B-00C04F79EFBC}") = "SchoolManagementApi", "SchoolManagementApi.csproj", "{9F503847-28F1-452D-BB44-C770A9D6BEEB}"
EndProject
Global
	GlobalSection(SolutionConfigurationPlatforms) = preSolution
		Debug|Any CPU = Debug|Any CPU
		Release|Any CPU = Release|Any CPU
	EndGlobalSection
	GlobalSection(ProjectConfigurationPlatforms) = postSolution
		{9F503847-28F1-452D-BB44-C770A9D6BEEB}.Debug|Any CPU.ActiveCfg = Debug|Any CPU
		{9F503847-28F1-452D-BB44-C770A9D6BEEB}.Debug|Any CPU.Build.0 = Debug|Any CPU
		{9F503847-28F1-452D-BB44-C770A9D6BEEB}.Release|Any CPU.ActiveCfg = Release|Any CPU
		{9F503847-28F1-452D-BB44-C770A9D6BEEB}.Release|Any CPU.Build.0 = Release|Any CPU
	EndGlobalSection
	GlobalSection(SolutionProperties) = preSolution
		HideSolutionNode = FALSE
	EndGlobalSection
	GlobalSection(ExtensibilityGlobals) = postSolution
		SolutionGuid = {60EEE605-AC5C-4A77-8539-BAB431B116C2}
	EndGlobalSection
EndGlobal
